
Microsoft Visual Studio Solution File, Format Version 12.00
# Visual Studio Version 17
VisualStudioVersion = 17.2.32630.192
MinimumVisualStudioVersion = 10.0.40219.1
Project("{9A19103F-16F7-4668-BE54-9A1E7A4F7556}") = "DepartmentManagement.App", "DepartmentManagement.App\DepartmentManagement.App.csproj", "{3A06BF9B-C2AC-42B8-A06D-3A790577C7A7}"
EndProject
Project("{9A19103F-16F7-4668-BE54-9A1E7A4F7556}") = "DepartmentManagement.Models", "DepartmentManagement.Models\DepartmentManagement.Models.csproj", "{BED4492C-8CFC-4A1D-ADB3-062DC26CDF73}"
EndProject
Project("{9A19103F-16F7-4668-BE54-9A1E7A4F7556}") = "DepartmentManagement.Databases", "DepartmentManagement.Databases\DepartmentManagement.Databases.csproj", "{43AD720E-BCCF-4E0B-86BC-61633A0D35EB}"
EndProject
Project("{9A19103F-16F7-4668-BE54-9A1E7A4F7556}") = "DepartmentManagement.Repositories", "DepartmentManagement.Repositories\DepartmentManagement.Repositories.csproj", "{E973AE3F-4742-4EA7-87C2-00C52A8B5978}"
EndProject
Project("{9A19103F-16F7-4668-BE54-9A1E7A4F7556}") = "DepartmentManagement.Services", "DepartmentManagement.Services\DepartmentManagement.Services.csproj", "{3F865C19-E96C-463F-9750-1E9684B07F0A}"
EndProject
Project("{9A19103F-16F7-4668-BE54-9A1E7A4F7556}") = "DepartmentManagement.Services.Abstractions", "DepartmentManagement.Services.Abstractions\DepartmentManagement.Services.Abstractions.csproj", "{BCE17AF8-19E3-47F8-9F17-1A0E199B985F}"
EndProject
Project("{9A19103F-16F7-4668-BE54-9A1E7A4F7556}") = "DepartmentManagement.Repositories.Abstractions", "DepartmentManagement.Repositories.Abstractions\DepartmentManagement.Repositories.Abstractions.csproj", "{3CA478F3-4D38-4F60-B4E4-71D18EEBA92E}"
EndProject
Project("{9A19103F-16F7-4668-BE54-9A1E7A4F7556}") = "DepartmentManagement.App.Configurations", "DepartmentManagement.App.Configurations\DepartmentManagement.App.Configurations.csproj", "{8342E5DA-0E63-4243-BD1E-82AC3124D6C9}"
EndProject
Project("{2150E333-8FDC-42A3-9474-1A3956D46DE8}") = "Solution Items", "Solution Items", "{68638230-6127-4AFB-AD9C-E3F6C9E1C7E8}"
	ProjectSection(SolutionItems) = preProject
		.editorconfig = .editorconfig
	EndProjectSection
EndProject
Global
	GlobalSection(SolutionConfigurationPlatforms) = preSolution
		Debug|Any CPU = Debug|Any CPU
		Release|Any CPU = Release|Any CPU
	EndGlobalSection
	GlobalSection(ProjectConfigurationPlatforms) = postSolution
		{3A06BF9B-C2AC-42B8-A06D-3A790577C7A7}.Debug|Any CPU.ActiveCfg = Debug|Any CPU
		{3A06BF9B-C2AC-42B8-A06D-3A790577C7A7}.Debug|Any CPU.Build.0 = Debug|Any CPU
		{3A06BF9B-C2AC-42B8-A06D-3A790577C7A7}.Release|Any CPU.ActiveCfg = Release|Any CPU
		{3A06BF9B-C2AC-42B8-A06D-3A790577C7A7}.Release|Any CPU.Build.0 = Release|Any CPU
		{BED4492C-8CFC-4A1D-ADB3-062DC26CDF73}.Debug|Any CPU.ActiveCfg = Debug|Any CPU
		{BED4492C-8CFC-4A1D-ADB3-062DC26CDF73}.Debug|Any CPU.Build.0 = Debug|Any CPU
		{BED4492C-8CFC-4A1D-ADB3-062DC26CDF73}.Release|Any CPU.ActiveCfg = Release|Any CPU
		{BED4492C-8CFC-4A1D-ADB3-062DC26CDF73}.Release|Any CPU.Build.0 = Release|Any CPU
		{43AD720E-BCCF-4E0B-86BC-61633A0D35EB}.Debug|Any CPU.ActiveCfg = Debug|Any CPU
		{43AD720E-BCCF-4E0B-86BC-61633A0D35EB}.Debug|Any CPU.Build.0 = Debug|Any CPU
		{43AD720E-BCCF-4E0B-86BC-61633A0D35EB}.Release|Any CPU.ActiveCfg = Release|Any CPU
		{43AD720E-BCCF-4E0B-86BC-61633A0D35EB}.Release|Any CPU.Build.0 = Release|Any CPU
		{E973AE3F-4742-4EA7-87C2-00C52A8B5978}.Debug|Any CPU.ActiveCfg = Debug|Any CPU
		{E973AE3F-4742-4EA7-87C2-00C52A8B5978}.Debug|Any CPU.Build.0 = Debug|Any CPU
		{E973AE3F-4742-4EA7-87C2-00C52A8B5978}.Release|Any CPU.ActiveCfg = Release|Any CPU
		{E973AE3F-4742-4EA7-87C2-00C52A8B5978}.Release|Any CPU.Build.0 = Release|Any CPU
		{3F865C19-E96C-463F-9750-1E9684B07F0A}.Debug|Any CPU.ActiveCfg = Debug|Any CPU
		{3F865C19-E96C-463F-9750-1E9684B07F0A}.Debug|Any CPU.Build.0 = Debug|Any CPU
		{3F865C19-E96C-463F-9750-1E9684B07F0A}.Release|Any CPU.ActiveCfg = Release|Any CPU
		{3F865C19-E96C-463F-9750-1E9684B07F0A}.Release|Any CPU.Build.0 = Release|Any CPU
		{BCE17AF8-19E3-47F8-9F17-1A0E199B985F}.Debug|Any CPU.ActiveCfg = Debug|Any CPU
		{BCE17AF8-19E3-47F8-9F17-1A0E199B985F}.Debug|Any CPU.Build.0 = Debug|Any CPU
		{BCE17AF8-19E3-47F8-9F17-1A0E199B985F}.Release|Any CPU.ActiveCfg = Release|Any CPU
		{BCE17AF8-19E3-47F8-9F17-1A0E199B985F}.Release|Any CPU.Build.0 = Release|Any CPU
		{3CA478F3-4D38-4F60-B4E4-71D18EEBA92E}.Debug|Any CPU.ActiveCfg = Debug|Any CPU
		{3CA478F3-4D38-4F60-B4E4-71D18EEBA92E}.Debug|Any CPU.Build.0 = Debug|Any CPU
		{3CA478F3-4D38-4F60-B4E4-71D18EEBA92E}.Release|Any CPU.ActiveCfg = Release|Any CPU
		{3CA478F3-4D38-4F60-B4E4-71D18EEBA92E}.Release|Any CPU.Build.0 = Release|Any CPU
		{8342E5DA-0E63-4243-BD1E-82AC3124D6C9}.Debug|Any CPU.ActiveCfg = Debug|Any CPU
		{8342E5DA-0E63-4243-BD1E-82AC3124D6C9}.Debug|Any CPU.Build.0 = Debug|Any CPU
		{8342E5DA-0E63-4243-BD1E-82AC3124D6C9}.Release|Any CPU.ActiveCfg = Release|Any CPU
		{8342E5DA-0E63-4243-BD1E-82AC3124D6C9}.Release|Any CPU.Build.0 = Release|Any CPU
	EndGlobalSection
	GlobalSection(SolutionProperties) = preSolution
		HideSolutionNode = FALSE
	EndGlobalSection
	GlobalSection(ExtensibilityGlobals) = postSolution
		SolutionGuid = {B31C6286-39A4-494F-85A9-08F17FE7169F}
	EndGlobalSection
EndGlobal
